// !$*UTF8*$!
{
	archiveVersion = 1;
	classes = {
	};
	objectVersion = 46;
	objects = {

/* Begin PBXBuildFile section */
		1C19587D1F346A9100508CE4 /* Cells.swift in Sources */ = {isa = PBXBuildFile; fileRef = 1C19587B1F346A9100508CE4 /* Cells.swift */; };
		1C19587E1F346A9100508CE4 /* Datas.swift in Sources */ = {isa = PBXBuildFile; fileRef = 1C19587C1F346A9100508CE4 /* Datas.swift */; };
		1C1958811F346D3000508CE4 /* BJNetworkServiceAPI.swift in Sources */ = {isa = PBXBuildFile; fileRef = 1C1958801F346D3000508CE4 /* BJNetworkServiceAPI.swift */; };
		1C28F1E31F32FB8B005EB847 /* AppDelegate.swift in Sources */ = {isa = PBXBuildFile; fileRef = 1C28F1E21F32FB8B005EB847 /* AppDelegate.swift */; };
		1C28F1E51F32FB8B005EB847 /* ViewController.swift in Sources */ = {isa = PBXBuildFile; fileRef = 1C28F1E41F32FB8B005EB847 /* ViewController.swift */; };
		1C28F1E81F32FB8B005EB847 /* Main.storyboard in Resources */ = {isa = PBXBuildFile; fileRef = 1C28F1E61F32FB8B005EB847 /* Main.storyboard */; };
		1C28F1EA1F32FB8B005EB847 /* Assets.xcassets in Resources */ = {isa = PBXBuildFile; fileRef = 1C28F1E91F32FB8B005EB847 /* Assets.xcassets */; };
		1C28F1ED1F32FB8B005EB847 /* LaunchScreen.storyboard in Resources */ = {isa = PBXBuildFile; fileRef = 1C28F1EB1F32FB8B005EB847 /* LaunchScreen.storyboard */; };
		1C28F1F81F32FB8B005EB847 /* lyricsTests.swift in Sources */ = {isa = PBXBuildFile; fileRef = 1C28F1F71F32FB8B005EB847 /* lyricsTests.swift */; };
		1C28F2031F32FB8B005EB847 /* lyricsUITests.swift in Sources */ = {isa = PBXBuildFile; fileRef = 1C28F2021F32FB8B005EB847 /* lyricsUITests.swift */; };
		1C28F2111F330615005EB847 /* ListTableViewController.swift in Sources */ = {isa = PBXBuildFile; fileRef = 1C28F2101F330615005EB847 /* ListTableViewController.swift */; };
		1C28F2131F330623005EB847 /* EditViewController.swift in Sources */ = {isa = PBXBuildFile; fileRef = 1C28F2121F330623005EB847 /* EditViewController.swift */; };
		8F2DC39F1261EF42A8E478DA /* Pods_lyricsTests.framework in Frameworks */ = {isa = PBXBuildFile; fileRef = F02C10408A68CD9E5491D019 /* Pods_lyricsTests.framework */; };
		906D9C711328DF220234C47A /* Pods_lyrics.framework in Frameworks */ = {isa = PBXBuildFile; fileRef = 72F67D6407F83BB3BAD93992 /* Pods_lyrics.framework */; };
		D2A0DF827D85F4FE27463C2A /* Pods_lyricsUITests.framework in Frameworks */ = {isa = PBXBuildFile; fileRef = 8242BD4082D2B4A65755F3A3 /* Pods_lyricsUITests.framework */; };
/* End PBXBuildFile section */

/* Begin PBXContainerItemProxy section */
		1C28F1F41F32FB8B005EB847 /* PBXContainerItemProxy */ = {
			isa = PBXContainerItemProxy;
			containerPortal = 1C28F1D71F32FB8B005EB847 /* Project object */;
			proxyType = 1;
			remoteGlobalIDString = 1C28F1DE1F32FB8B005EB847;
			remoteInfo = lyrics;
		};
		1C28F1FF1F32FB8B005EB847 /* PBXContainerItemProxy */ = {
			isa = PBXContainerItemProxy;
			containerPortal = 1C28F1D71F32FB8B005EB847 /* Project object */;
			proxyType = 1;
			remoteGlobalIDString = 1C28F1DE1F32FB8B005EB847;
			remoteInfo = lyrics;
		};
/* End PBXContainerItemProxy section */

/* Begin PBXFileReference section */
		0C0C04DBBDA4DCC791EABB61 /* Pods-lyricsUITests.debug.xcconfig */ = {isa = PBXFileReference; includeInIndex = 1; lastKnownFileType = text.xcconfig; name = "Pods-lyricsUITests.debug.xcconfig"; path = "Pods/Target Support Files/Pods-lyricsUITests/Pods-lyricsUITests.debug.xcconfig"; sourceTree = "<group>"; };
		1C19587B1F346A9100508CE4 /* Cells.swift */ = {isa = PBXFileReference; fileEncoding = 4; lastKnownFileType = sourcecode.swift; path = Cells.swift; sourceTree = "<group>"; };
		1C19587C1F346A9100508CE4 /* Datas.swift */ = {isa = PBXFileReference; fileEncoding = 4; lastKnownFileType = sourcecode.swift; path = Datas.swift; sourceTree = "<group>"; };
		1C1958801F346D3000508CE4 /* BJNetworkServiceAPI.swift */ = {isa = PBXFileReference; fileEncoding = 4; lastKnownFileType = sourcecode.swift; path = BJNetworkServiceAPI.swift; sourceTree = "<group>"; };
		1C28F1DF1F32FB8B005EB847 /* lyrics.app */ = {isa = PBXFileReference; explicitFileType = wrapper.application; includeInIndex = 0; path = lyrics.app; sourceTree = BUILT_PRODUCTS_DIR; };
		1C28F1E21F32FB8B005EB847 /* AppDelegate.swift */ = {isa = PBXFileReference; lastKnownFileType = sourcecode.swift; path = AppDelegate.swift; sourceTree = "<group>"; };
		1C28F1E41F32FB8B005EB847 /* ViewController.swift */ = {isa = PBXFileReference; lastKnownFileType = sourcecode.swift; path = ViewController.swift; sourceTree = "<group>"; };
		1C28F1E71F32FB8B005EB847 /* Base */ = {isa = PBXFileReference; lastKnownFileType = file.storyboard; name = Base; path = Base.lproj/Main.storyboard; sourceTree = "<group>"; };
		1C28F1E91F32FB8B005EB847 /* Assets.xcassets */ = {isa = PBXFileReference; lastKnownFileType = folder.assetcatalog; path = Assets.xcassets; sourceTree = "<group>"; };
		1C28F1EC1F32FB8B005EB847 /* Base */ = {isa = PBXFileReference; lastKnownFileType = file.storyboard; name = Base; path = Base.lproj/LaunchScreen.storyboard; sourceTree = "<group>"; };
		1C28F1EE1F32FB8B005EB847 /* Info.plist */ = {isa = PBXFileReference; lastKnownFileType = text.plist.xml; path = Info.plist; sourceTree = "<group>"; };
		1C28F1F31F32FB8B005EB847 /* lyricsTests.xctest */ = {isa = PBXFileReference; explicitFileType = wrapper.cfbundle; includeInIndex = 0; path = lyricsTests.xctest; sourceTree = BUILT_PRODUCTS_DIR; };
		1C28F1F71F32FB8B005EB847 /* lyricsTests.swift */ = {isa = PBXFileReference; lastKnownFileType = sourcecode.swift; path = lyricsTests.swift; sourceTree = "<group>"; };
		1C28F1F91F32FB8B005EB847 /* Info.plist */ = {isa = PBXFileReference; lastKnownFileType = text.plist.xml; path = Info.plist; sourceTree = "<group>"; };
		1C28F1FE1F32FB8B005EB847 /* lyricsUITests.xctest */ = {isa = PBXFileReference; explicitFileType = wrapper.cfbundle; includeInIndex = 0; path = lyricsUITests.xctest; sourceTree = BUILT_PRODUCTS_DIR; };
		1C28F2021F32FB8B005EB847 /* lyricsUITests.swift */ = {isa = PBXFileReference; lastKnownFileType = sourcecode.swift; path = lyricsUITests.swift; sourceTree = "<group>"; };
		1C28F2041F32FB8B005EB847 /* Info.plist */ = {isa = PBXFileReference; lastKnownFileType = text.plist.xml; path = Info.plist; sourceTree = "<group>"; };
		1C28F2101F330615005EB847 /* ListTableViewController.swift */ = {isa = PBXFileReference; fileEncoding = 4; lastKnownFileType = sourcecode.swift; path = ListTableViewController.swift; sourceTree = "<group>"; };
		1C28F2121F330623005EB847 /* EditViewController.swift */ = {isa = PBXFileReference; fileEncoding = 4; lastKnownFileType = sourcecode.swift; path = EditViewController.swift; sourceTree = "<group>"; };
		37851E6A39A1B0926C860261 /* Pods-lyricsUITests.release.xcconfig */ = {isa = PBXFileReference; includeInIndex = 1; lastKnownFileType = text.xcconfig; name = "Pods-lyricsUITests.release.xcconfig"; path = "Pods/Target Support Files/Pods-lyricsUITests/Pods-lyricsUITests.release.xcconfig"; sourceTree = "<group>"; };
		72F67D6407F83BB3BAD93992 /* Pods_lyrics.framework */ = {isa = PBXFileReference; explicitFileType = wrapper.framework; includeInIndex = 0; path = Pods_lyrics.framework; sourceTree = BUILT_PRODUCTS_DIR; };
		8242BD4082D2B4A65755F3A3 /* Pods_lyricsUITests.framework */ = {isa = PBXFileReference; explicitFileType = wrapper.framework; includeInIndex = 0; path = Pods_lyricsUITests.framework; sourceTree = BUILT_PRODUCTS_DIR; };
		9AB033133D37AFAEDD3FF6B5 /* Pods-lyricsTests.release.xcconfig */ = {isa = PBXFileReference; includeInIndex = 1; lastKnownFileType = text.xcconfig; name = "Pods-lyricsTests.release.xcconfig"; path = "Pods/Target Support Files/Pods-lyricsTests/Pods-lyricsTests.release.xcconfig"; sourceTree = "<group>"; };
		C8654A8A0F6D053F6B8D711B /* Pods-lyrics.debug.xcconfig */ = {isa = PBXFileReference; includeInIndex = 1; lastKnownFileType = text.xcconfig; name = "Pods-lyrics.debug.xcconfig"; path = "Pods/Target Support Files/Pods-lyrics/Pods-lyrics.debug.xcconfig"; sourceTree = "<group>"; };
		EA1E5E6F20495FCE8DCC4D9C /* Pods-lyricsTests.debug.xcconfig */ = {isa = PBXFileReference; includeInIndex = 1; lastKnownFileType = text.xcconfig; name = "Pods-lyricsTests.debug.xcconfig"; path = "Pods/Target Support Files/Pods-lyricsTests/Pods-lyricsTests.debug.xcconfig"; sourceTree = "<group>"; };
		EE7C432A45158BFE05DA3B04 /* Pods-lyrics.release.xcconfig */ = {isa = PBXFileReference; includeInIndex = 1; lastKnownFileType = text.xcconfig; name = "Pods-lyrics.release.xcconfig"; path = "Pods/Target Support Files/Pods-lyrics/Pods-lyrics.release.xcconfig"; sourceTree = "<group>"; };
		F02C10408A68CD9E5491D019 /* Pods_lyricsTests.framework */ = {isa = PBXFileReference; explicitFileType = wrapper.framework; includeInIndex = 0; path = Pods_lyricsTests.framework; sourceTree = BUILT_PRODUCTS_DIR; };
/* End PBXFileReference section */

/* Begin PBXFrameworksBuildPhase section */
		1C28F1DC1F32FB8B005EB847 /* Frameworks */ = {
			isa = PBXFrameworksBuildPhase;
			buildActionMask = 2147483647;
			files = (
				906D9C711328DF220234C47A /* Pods_lyrics.framework in Frameworks */,
			);
			runOnlyForDeploymentPostprocessing = 0;
		};
		1C28F1F01F32FB8B005EB847 /* Frameworks */ = {
			isa = PBXFrameworksBuildPhase;
			buildActionMask = 2147483647;
			files = (
				8F2DC39F1261EF42A8E478DA /* Pods_lyricsTests.framework in Frameworks */,
			);
			runOnlyForDeploymentPostprocessing = 0;
		};
		1C28F1FB1F32FB8B005EB847 /* Frameworks */ = {
			isa = PBXFrameworksBuildPhase;
			buildActionMask = 2147483647;
			files = (
				D2A0DF827D85F4FE27463C2A /* Pods_lyricsUITests.framework in Frameworks */,
			);
			runOnlyForDeploymentPostprocessing = 0;
		};
/* End PBXFrameworksBuildPhase section */

/* Begin PBXGroup section */
		1C19587A1F346A9100508CE4 /* Model */ = {
			isa = PBXGroup;
			children = (
				1C19587B1F346A9100508CE4 /* Cells.swift */,
				1C19587C1F346A9100508CE4 /* Datas.swift */,
			);
			path = Model;
			sourceTree = "<group>";
		};
		1C19587F1F346CF000508CE4 /* Network */ = {
			isa = PBXGroup;
			children = (
				1C1958801F346D3000508CE4 /* BJNetworkServiceAPI.swift */,
			);
			name = Network;
			sourceTree = "<group>";
		};
		1C28F1D61F32FB8B005EB847 = {
			isa = PBXGroup;
			children = (
				1C28F1E11F32FB8B005EB847 /* lyrics */,
				1C28F1F61F32FB8B005EB847 /* lyricsTests */,
				1C28F2011F32FB8B005EB847 /* lyricsUITests */,
				1C28F1E01F32FB8B005EB847 /* Products */,
				5C5EC261356F5C0125D28956 /* Pods */,
				DC0AE19618530FA9468A94FA /* Frameworks */,
			);
			sourceTree = "<group>";
		};
		1C28F1E01F32FB8B005EB847 /* Products */ = {
			isa = PBXGroup;
			children = (
				1C28F1DF1F32FB8B005EB847 /* lyrics.app */,
				1C28F1F31F32FB8B005EB847 /* lyricsTests.xctest */,
				1C28F1FE1F32FB8B005EB847 /* lyricsUITests.xctest */,
			);
			name = Products;
			sourceTree = "<group>";
		};
		1C28F1E11F32FB8B005EB847 /* lyrics */ = {
			isa = PBXGroup;
			children = (
				1C19587F1F346CF000508CE4 /* Network */,
				1C19587A1F346A9100508CE4 /* Model */,
				1C28F1E21F32FB8B005EB847 /* AppDelegate.swift */,
				1C28F1E41F32FB8B005EB847 /* ViewController.swift */,
				1C28F2101F330615005EB847 /* ListTableViewController.swift */,
				1C28F2121F330623005EB847 /* EditViewController.swift */,
				1C28F1E61F32FB8B005EB847 /* Main.storyboard */,
				1C28F1E91F32FB8B005EB847 /* Assets.xcassets */,
				1C28F1EB1F32FB8B005EB847 /* LaunchScreen.storyboard */,
				1C28F1EE1F32FB8B005EB847 /* Info.plist */,
			);
			path = lyrics;
			sourceTree = "<group>";
		};
		1C28F1F61F32FB8B005EB847 /* lyricsTests */ = {
			isa = PBXGroup;
			children = (
				1C28F1F71F32FB8B005EB847 /* lyricsTests.swift */,
				1C28F1F91F32FB8B005EB847 /* Info.plist */,
			);
			path = lyricsTests;
			sourceTree = "<group>";
		};
		1C28F2011F32FB8B005EB847 /* lyricsUITests */ = {
			isa = PBXGroup;
			children = (
				1C28F2021F32FB8B005EB847 /* lyricsUITests.swift */,
				1C28F2041F32FB8B005EB847 /* Info.plist */,
			);
			path = lyricsUITests;
			sourceTree = "<group>";
		};
		5C5EC261356F5C0125D28956 /* Pods */ = {
			isa = PBXGroup;
			children = (
				C8654A8A0F6D053F6B8D711B /* Pods-lyrics.debug.xcconfig */,
				EE7C432A45158BFE05DA3B04 /* Pods-lyrics.release.xcconfig */,
				EA1E5E6F20495FCE8DCC4D9C /* Pods-lyricsTests.debug.xcconfig */,
				9AB033133D37AFAEDD3FF6B5 /* Pods-lyricsTests.release.xcconfig */,
				0C0C04DBBDA4DCC791EABB61 /* Pods-lyricsUITests.debug.xcconfig */,
				37851E6A39A1B0926C860261 /* Pods-lyricsUITests.release.xcconfig */,
			);
			name = Pods;
			sourceTree = "<group>";
		};
		DC0AE19618530FA9468A94FA /* Frameworks */ = {
			isa = PBXGroup;
			children = (
				72F67D6407F83BB3BAD93992 /* Pods_lyrics.framework */,
				F02C10408A68CD9E5491D019 /* Pods_lyricsTests.framework */,
				8242BD4082D2B4A65755F3A3 /* Pods_lyricsUITests.framework */,
			);
			name = Frameworks;
			sourceTree = "<group>";
		};
/* End PBXGroup section */

/* Begin PBXNativeTarget section */
		1C28F1DE1F32FB8B005EB847 /* lyrics */ = {
			isa = PBXNativeTarget;
			buildConfigurationList = 1C28F2071F32FB8B005EB847 /* Build configuration list for PBXNativeTarget "lyrics" */;
			buildPhases = (
				0F860BA4B8A70411E8E582FE /* [CP] Check Pods Manifest.lock */,
				1C28F1DB1F32FB8B005EB847 /* Sources */,
				1C28F1DC1F32FB8B005EB847 /* Frameworks */,
				1C28F1DD1F32FB8B005EB847 /* Resources */,
				4D468979C83BA38776946181 /* [CP] Embed Pods Frameworks */,
				0FFFF0C68E2F77DDFBADD80C /* [CP] Copy Pods Resources */,
			);
			buildRules = (
			);
			dependencies = (
			);
			name = lyrics;
			productName = lyrics;
			productReference = 1C28F1DF1F32FB8B005EB847 /* lyrics.app */;
			productType = "com.apple.product-type.application";
		};
		1C28F1F21F32FB8B005EB847 /* lyricsTests */ = {
			isa = PBXNativeTarget;
			buildConfigurationList = 1C28F20A1F32FB8B005EB847 /* Build configuration list for PBXNativeTarget "lyricsTests" */;
			buildPhases = (
				2C9D27A4358D83EDAED86271 /* [CP] Check Pods Manifest.lock */,
				1C28F1EF1F32FB8B005EB847 /* Sources */,
				1C28F1F01F32FB8B005EB847 /* Frameworks */,
				1C28F1F11F32FB8B005EB847 /* Resources */,
				EB60CE42E0E01EA01C753690 /* [CP] Embed Pods Frameworks */,
				1F1E4877FAB0ABABA71EF7B1 /* [CP] Copy Pods Resources */,
			);
			buildRules = (
			);
			dependencies = (
				1C28F1F51F32FB8B005EB847 /* PBXTargetDependency */,
			);
			name = lyricsTests;
			productName = lyricsTests;
			productReference = 1C28F1F31F32FB8B005EB847 /* lyricsTests.xctest */;
			productType = "com.apple.product-type.bundle.unit-test";
		};
		1C28F1FD1F32FB8B005EB847 /* lyricsUITests */ = {
			isa = PBXNativeTarget;
			buildConfigurationList = 1C28F20D1F32FB8B005EB847 /* Build configuration list for PBXNativeTarget "lyricsUITests" */;
			buildPhases = (
				F08F489D82A8D0A98D86549F /* [CP] Check Pods Manifest.lock */,
				1C28F1FA1F32FB8B005EB847 /* Sources */,
				1C28F1FB1F32FB8B005EB847 /* Frameworks */,
				1C28F1FC1F32FB8B005EB847 /* Resources */,
				DD685E451CEE1A3C76510938 /* [CP] Embed Pods Frameworks */,
				137B061137CA3FF40586F5E1 /* [CP] Copy Pods Resources */,
			);
			buildRules = (
			);
			dependencies = (
				1C28F2001F32FB8B005EB847 /* PBXTargetDependency */,
			);
			name = lyricsUITests;
			productName = lyricsUITests;
			productReference = 1C28F1FE1F32FB8B005EB847 /* lyricsUITests.xctest */;
			productType = "com.apple.product-type.bundle.ui-testing";
		};
/* End PBXNativeTarget section */

/* Begin PBXProject section */
		1C28F1D71F32FB8B005EB847 /* Project object */ = {
			isa = PBXProject;
			attributes = {
				LastSwiftUpdateCheck = 0830;
				LastUpgradeCheck = 0830;
				ORGANIZATIONNAME = "유병재";
				TargetAttributes = {
					1C28F1DE1F32FB8B005EB847 = {
						CreatedOnToolsVersion = 8.3.3;
						DevelopmentTeam = 5M9BNYXN7H;
						ProvisioningStyle = Automatic;
					};
					1C28F1F21F32FB8B005EB847 = {
						CreatedOnToolsVersion = 8.3.3;
						DevelopmentTeam = 5M9BNYXN7H;
						ProvisioningStyle = Automatic;
						TestTargetID = 1C28F1DE1F32FB8B005EB847;
					};
					1C28F1FD1F32FB8B005EB847 = {
						CreatedOnToolsVersion = 8.3.3;
						DevelopmentTeam = 5M9BNYXN7H;
						ProvisioningStyle = Automatic;
						TestTargetID = 1C28F1DE1F32FB8B005EB847;
					};
				};
			};
			buildConfigurationList = 1C28F1DA1F32FB8B005EB847 /* Build configuration list for PBXProject "lyrics" */;
			compatibilityVersion = "Xcode 3.2";
			developmentRegion = English;
			hasScannedForEncodings = 0;
			knownRegions = (
				en,
				Base,
			);
			mainGroup = 1C28F1D61F32FB8B005EB847;
			productRefGroup = 1C28F1E01F32FB8B005EB847 /* Products */;
			projectDirPath = "";
			projectRoot = "";
			targets = (
				1C28F1DE1F32FB8B005EB847 /* lyrics */,
				1C28F1F21F32FB8B005EB847 /* lyricsTests */,
				1C28F1FD1F32FB8B005EB847 /* lyricsUITests */,
			);
		};
/* End PBXProject section */

/* Begin PBXResourcesBuildPhase section */
		1C28F1DD1F32FB8B005EB847 /* Resources */ = {
			isa = PBXResourcesBuildPhase;
			buildActionMask = 2147483647;
			files = (
				1C28F1ED1F32FB8B005EB847 /* LaunchScreen.storyboard in Resources */,
				1C28F1EA1F32FB8B005EB847 /* Assets.xcassets in Resources */,
				1C28F1E81F32FB8B005EB847 /* Main.storyboard in Resources */,
			);
			runOnlyForDeploymentPostprocessing = 0;
		};
		1C28F1F11F32FB8B005EB847 /* Resources */ = {
			isa = PBXResourcesBuildPhase;
			buildActionMask = 2147483647;
			files = (
			);
			runOnlyForDeploymentPostprocessing = 0;
		};
		1C28F1FC1F32FB8B005EB847 /* Resources */ = {
			isa = PBXResourcesBuildPhase;
			buildActionMask = 2147483647;
			files = (
			);
			runOnlyForDeploymentPostprocessing = 0;
		};
/* End PBXResourcesBuildPhase section */

/* Begin PBXShellScriptBuildPhase section */
		0F860BA4B8A70411E8E582FE /* [CP] Check Pods Manifest.lock */ = {
			isa = PBXShellScriptBuildPhase;
			buildActionMask = 2147483647;
			files = (
			);
			inputPaths = (
			);
			name = "[CP] Check Pods Manifest.lock";
			outputPaths = (
			);
			runOnlyForDeploymentPostprocessing = 0;
			shellPath = /bin/sh;
			shellScript = "diff \"${PODS_PODFILE_DIR_PATH}/Podfile.lock\" \"${PODS_ROOT}/Manifest.lock\" > /dev/null\nif [ $? != 0 ] ; then\n    # print error to STDERR\n    echo \"error: The sandbox is not in sync with the Podfile.lock. Run 'pod install' or update your CocoaPods installation.\" >&2\n    exit 1\nfi\n";
			showEnvVarsInLog = 0;
		};
		0FFFF0C68E2F77DDFBADD80C /* [CP] Copy Pods Resources */ = {
			isa = PBXShellScriptBuildPhase;
			buildActionMask = 2147483647;
			files = (
			);
			inputPaths = (
			);
			name = "[CP] Copy Pods Resources";
			outputPaths = (
			);
			runOnlyForDeploymentPostprocessing = 0;
			shellPath = /bin/sh;
			shellScript = "\"${SRCROOT}/Pods/Target Support Files/Pods-lyrics/Pods-lyrics-resources.sh\"\n";
			showEnvVarsInLog = 0;
		};
		137B061137CA3FF40586F5E1 /* [CP] Copy Pods Resources */ = {
			isa = PBXShellScriptBuildPhase;
			buildActionMask = 2147483647;
			files = (
			);
			inputPaths = (
			);
			name = "[CP] Copy Pods Resources";
			outputPaths = (
			);
			runOnlyForDeploymentPostprocessing = 0;
			shellPath = /bin/sh;
			shellScript = "\"${SRCROOT}/Pods/Target Support Files/Pods-lyricsUITests/Pods-lyricsUITests-resources.sh\"\n";
			showEnvVarsInLog = 0;
		};
		1F1E4877FAB0ABABA71EF7B1 /* [CP] Copy Pods Resources */ = {
			isa = PBXShellScriptBuildPhase;
			buildActionMask = 2147483647;
			files = (
			);
			inputPaths = (
			);
			name = "[CP] Copy Pods Resources";
			outputPaths = (
			);
			runOnlyForDeploymentPostprocessing = 0;
			shellPath = /bin/sh;
			shellScript = "\"${SRCROOT}/Pods/Target Support Files/Pods-lyricsTests/Pods-lyricsTests-resources.sh\"\n";
			showEnvVarsInLog = 0;
		};
		2C9D27A4358D83EDAED86271 /* [CP] Check Pods Manifest.lock */ = {
			isa = PBXShellScriptBuildPhase;
			buildActionMask = 2147483647;
			files = (
			);
			inputPaths = (
			);
			name = "[CP] Check Pods Manifest.lock";
			outputPaths = (
			);
			runOnlyForDeploymentPostprocessing = 0;
			shellPath = /bin/sh;
			shellScript = "diff \"${PODS_PODFILE_DIR_PATH}/Podfile.lock\" \"${PODS_ROOT}/Manifest.lock\" > /dev/null\nif [ $? != 0 ] ; then\n    # print error to STDERR\n    echo \"error: The sandbox is not in sync with the Podfile.lock. Run 'pod install' or update your CocoaPods installation.\" >&2\n    exit 1\nfi\n";
			showEnvVarsInLog = 0;
		};
		4D468979C83BA38776946181 /* [CP] Embed Pods Frameworks */ = {
			isa = PBXShellScriptBuildPhase;
			buildActionMask = 2147483647;
			files = (
			);
			inputPaths = (
			);
			name = "[CP] Embed Pods Frameworks";
			outputPaths = (
			);
			runOnlyForDeploymentPostprocessing = 0;
			shellPath = /bin/sh;
			shellScript = "\"${SRCROOT}/Pods/Target Support Files/Pods-lyrics/Pods-lyrics-frameworks.sh\"\n";
			showEnvVarsInLog = 0;
		};
		DD685E451CEE1A3C76510938 /* [CP] Embed Pods Frameworks */ = {
			isa = PBXShellScriptBuildPhase;
			buildActionMask = 2147483647;
			files = (
			);
			inputPaths = (
			);
			name = "[CP] Embed Pods Frameworks";
			outputPaths = (
			);
			runOnlyForDeploymentPostprocessing = 0;
			shellPath = /bin/sh;
			shellScript = "\"${SRCROOT}/Pods/Target Support Files/Pods-lyricsUITests/Pods-lyricsUITests-frameworks.sh\"\n";
			showEnvVarsInLog = 0;
		};
		EB60CE42E0E01EA01C753690 /* [CP] Embed Pods Frameworks */ = {
			isa = PBXShellScriptBuildPhase;
			buildActionMask = 2147483647;
			files = (
			);
			inputPaths = (
			);
			name = "[CP] Embed Pods Frameworks";
			outputPaths = (
			);
			runOnlyForDeploymentPostprocessing = 0;
			shellPath = /bin/sh;
			shellScript = "\"${SRCROOT}/Pods/Target Support Files/Pods-lyricsTests/Pods-lyricsTests-frameworks.sh\"\n";
			showEnvVarsInLog = 0;
		};
		F08F489D82A8D0A98D86549F /* [CP] Check Pods Manifest.lock */ = {
			isa = PBXShellScriptBuildPhase;
			buildActionMask = 2147483647;
			files = (
			);
			inputPaths = (
			);
			name = "[CP] Check Pods Manifest.lock";
			outputPaths = (
			);
			runOnlyForDeploymentPostprocessing = 0;
			shellPath = /bin/sh;
			shellScript = "diff \"${PODS_PODFILE_DIR_PATH}/Podfile.lock\" \"${PODS_ROOT}/Manifest.lock\" > /dev/null\nif [ $? != 0 ] ; then\n    # print error to STDERR\n    echo \"error: The sandbox is not in sync with the Podfile.lock. Run 'pod install' or update your CocoaPods installation.\" >&2\n    exit 1\nfi\n";
			showEnvVarsInLog = 0;
		};
/* End PBXShellScriptBuildPhase section */

/* Begin PBXSourcesBuildPhase section */
		1C28F1DB1F32FB8B005EB847 /* Sources */ = {
			isa = PBXSourcesBuildPhase;
			buildActionMask = 2147483647;
			files = (
				1C28F2131F330623005EB847 /* EditViewController.swift in Sources */,
				1C1958811F346D3000508CE4 /* BJNetworkServiceAPI.swift in Sources */,
				1C19587E1F346A9100508CE4 /* Datas.swift in Sources */,
				1C28F2111F330615005EB847 /* ListTableViewController.swift in Sources */,
				1C28F1E51F32FB8B005EB847 /* ViewController.swift in Sources */,
				1C28F1E31F32FB8B005EB847 /* AppDelegate.swift in Sources */,
				1C19587D1F346A9100508CE4 /* Cells.swift in Sources */,
			);
			runOnlyForDeploymentPostprocessing = 0;
		};
		1C28F1EF1F32FB8B005EB847 /* Sources */ = {
			isa = PBXSourcesBuildPhase;
			buildActionMask = 2147483647;
			files = (
				1C28F1F81F32FB8B005EB847 /* lyricsTests.swift in Sources */,
			);
			runOnlyForDeploymentPostprocessing = 0;
		};
		1C28F1FA1F32FB8B005EB847 /* Sources */ = {
			isa = PBXSourcesBuildPhase;
			buildActionMask = 2147483647;
			files = (
				1C28F2031F32FB8B005EB847 /* lyricsUITests.swift in Sources */,
			);
			runOnlyForDeploymentPostprocessing = 0;
		};
/* End PBXSourcesBuildPhase section */

/* Begin PBXTargetDependency section */
		1C28F1F51F32FB8B005EB847 /* PBXTargetDependency */ = {
			isa = PBXTargetDependency;
			target = 1C28F1DE1F32FB8B005EB847 /* lyrics */;
			targetProxy = 1C28F1F41F32FB8B005EB847 /* PBXContainerItemProxy */;
		};
		1C28F2001F32FB8B005EB847 /* PBXTargetDependency */ = {
			isa = PBXTargetDependency;
			target = 1C28F1DE1F32FB8B005EB847 /* lyrics */;
			targetProxy = 1C28F1FF1F32FB8B005EB847 /* PBXContainerItemProxy */;
		};
/* End PBXTargetDependency section */

/* Begin PBXVariantGroup section */
		1C28F1E61F32FB8B005EB847 /* Main.storyboard */ = {
			isa = PBXVariantGroup;
			children = (
				1C28F1E71F32FB8B005EB847 /* Base */,
			);
			name = Main.storyboard;
			sourceTree = "<group>";
		};
		1C28F1EB1F32FB8B005EB847 /* LaunchScreen.storyboard */ = {
			isa = PBXVariantGroup;
			children = (
				1C28F1EC1F32FB8B005EB847 /* Base */,
			);
			name = LaunchScreen.storyboard;
			sourceTree = "<group>";
		};
/* End PBXVariantGroup section */

/* Begin XCBuildConfiguration section */
		1C28F2051F32FB8B005EB847 /* Debug */ = {
			isa = XCBuildConfiguration;
			buildSettings = {
				ALWAYS_SEARCH_USER_PATHS = NO;
				CLANG_ANALYZER_NONNULL = YES;
				CLANG_ANALYZER_NUMBER_OBJECT_CONVERSION = YES_AGGRESSIVE;
				CLANG_CXX_LANGUAGE_STANDARD = "gnu++0x";
				CLANG_CXX_LIBRARY = "libc++";
				CLANG_ENABLE_MODULES = YES;
				CLANG_ENABLE_OBJC_ARC = YES;
				CLANG_WARN_BOOL_CONVERSION = YES;
				CLANG_WARN_CONSTANT_CONVERSION = YES;
				CLANG_WARN_DIRECT_OBJC_ISA_USAGE = YES_ERROR;
				CLANG_WARN_DOCUMENTATION_COMMENTS = YES;
				CLANG_WARN_EMPTY_BODY = YES;
				CLANG_WARN_ENUM_CONVERSION = YES;
				CLANG_WARN_INFINITE_RECURSION = YES;
				CLANG_WARN_INT_CONVERSION = YES;
				CLANG_WARN_OBJC_ROOT_CLASS = YES_ERROR;
				CLANG_WARN_SUSPICIOUS_MOVE = YES;
				CLANG_WARN_UNREACHABLE_CODE = YES;
				CLANG_WARN__DUPLICATE_METHOD_MATCH = YES;
				"CODE_SIGN_IDENTITY[sdk=iphoneos*]" = "iPhone Developer";
				COPY_PHASE_STRIP = NO;
				DEBUG_INFORMATION_FORMAT = dwarf;
				ENABLE_STRICT_OBJC_MSGSEND = YES;
				ENABLE_TESTABILITY = YES;
				GCC_C_LANGUAGE_STANDARD = gnu99;
				GCC_DYNAMIC_NO_PIC = NO;
				GCC_NO_COMMON_BLOCKS = YES;
				GCC_OPTIMIZATION_LEVEL = 0;
				GCC_PREPROCESSOR_DEFINITIONS = (
					"DEBUG=1",
					"$(inherited)",
				);
				GCC_WARN_64_TO_32_BIT_CONVERSION = YES;
				GCC_WARN_ABOUT_RETURN_TYPE = YES_ERROR;
				GCC_WARN_UNDECLARED_SELECTOR = YES;
				GCC_WARN_UNINITIALIZED_AUTOS = YES_AGGRESSIVE;
				GCC_WARN_UNUSED_FUNCTION = YES;
				GCC_WARN_UNUSED_VARIABLE = YES;
				IPHONEOS_DEPLOYMENT_TARGET = 10.3;
				MTL_ENABLE_DEBUG_INFO = YES;
				ONLY_ACTIVE_ARCH = YES;
				SDKROOT = iphoneos;
				SWIFT_ACTIVE_COMPILATION_CONDITIONS = DEBUG;
				SWIFT_OPTIMIZATION_LEVEL = "-Onone";
			};
			name = Debug;
		};
		1C28F2061F32FB8B005EB847 /* Release */ = {
			isa = XCBuildConfiguration;
			buildSettings = {
				ALWAYS_SEARCH_USER_PATHS = NO;
				CLANG_ANALYZER_NONNULL = YES;
				CLANG_ANALYZER_NUMBER_OBJECT_CONVERSION = YES_AGGRESSIVE;
				CLANG_CXX_LANGUAGE_STANDARD = "gnu++0x";
				CLANG_CXX_LIBRARY = "libc++";
				CLANG_ENABLE_MODULES = YES;
				CLANG_ENABLE_OBJC_ARC = YES;
				CLANG_WARN_BOOL_CONVERSION = YES;
				CLANG_WARN_CONSTANT_CONVERSION = YES;
				CLANG_WARN_DIRECT_OBJC_ISA_USAGE = YES_ERROR;
				CLANG_WARN_DOCUMENTATION_COMMENTS = YES;
				CLANG_WARN_EMPTY_BODY = YES;
				CLANG_WARN_ENUM_CONVERSION = YES;
				CLANG_WARN_INFINITE_RECURSION = YES;
				CLANG_WARN_INT_CONVERSION = YES;
				CLANG_WARN_OBJC_ROOT_CLASS = YES_ERROR;
				CLANG_WARN_SUSPICIOUS_MOVE = YES;
				CLANG_WARN_UNREACHABLE_CODE = YES;
				CLANG_WARN__DUPLICATE_METHOD_MATCH = YES;
				"CODE_SIGN_IDENTITY[sdk=iphoneos*]" = "iPhone Developer";
				COPY_PHASE_STRIP = NO;
				DEBUG_INFORMATION_FORMAT = "dwarf-with-dsym";
				ENABLE_NS_ASSERTIONS = NO;
				ENABLE_STRICT_OBJC_MSGSEND = YES;
				GCC_C_LANGUAGE_STANDARD = gnu99;
				GCC_NO_COMMON_BLOCKS = YES;
				GCC_WARN_64_TO_32_BIT_CONVERSION = YES;
				GCC_WARN_ABOUT_RETURN_TYPE = YES_ERROR;
				GCC_WARN_UNDECLARED_SELECTOR = YES;
				GCC_WARN_UNINITIALIZED_AUTOS = YES_AGGRESSIVE;
				GCC_WARN_UNUSED_FUNCTION = YES;
				GCC_WARN_UNUSED_VARIABLE = YES;
				IPHONEOS_DEPLOYMENT_TARGET = 10.3;
				MTL_ENABLE_DEBUG_INFO = NO;
				SDKROOT = iphoneos;
				SWIFT_OPTIMIZATION_LEVEL = "-Owholemodule";
				VALIDATE_PRODUCT = YES;
			};
			name = Release;
		};
		1C28F2081F32FB8B005EB847 /* Debug */ = {
			isa = XCBuildConfiguration;
			baseConfigurationReference = C8654A8A0F6D053F6B8D711B /* Pods-lyrics.debug.xcconfig */;
			buildSettings = {
				ASSETCATALOG_COMPILER_APPICON_NAME = AppIcon;
				DEVELOPMENT_TEAM = 5M9BNYXN7H;
				INFOPLIST_FILE = lyrics/Info.plist;
				LD_RUNPATH_SEARCH_PATHS = "$(inherited) @executable_path/Frameworks";
				PRODUCT_BUNDLE_IDENTIFIER = ybj.lyrics;
				PRODUCT_NAME = "$(TARGET_NAME)";
				SWIFT_VERSION = 3.0;
			};
			name = Debug;
		};
		1C28F2091F32FB8B005EB847 /* Release */ = {
			isa = XCBuildConfiguration;
			baseConfigurationReference = EE7C432A45158BFE05DA3B04 /* Pods-lyrics.release.xcconfig */;
			buildSettings = {
				ASSETCATALOG_COMPILER_APPICON_NAME = AppIcon;
				DEVELOPMENT_TEAM = 5M9BNYXN7H;
				INFOPLIST_FILE = lyrics/Info.plist;
				LD_RUNPATH_SEARCH_PATHS = "$(inherited) @executable_path/Frameworks";
				PRODUCT_BUNDLE_IDENTIFIER = ybj.lyrics;
				PRODUCT_NAME = "$(TARGET_NAME)";
				SWIFT_VERSION = 3.0;
			};
			name = Release;
		};
		1C28F20B1F32FB8B005EB847 /* Debug */ = {
			isa = XCBuildConfiguration;
			baseConfigurationReference = EA1E5E6F20495FCE8DCC4D9C /* Pods-lyricsTests.debug.xcconfig */;
			buildSettings = {
				ALWAYS_EMBED_SWIFT_STANDARD_LIBRARIES = YES;
				BUNDLE_LOADER = "$(TEST_HOST)";
				DEVELOPMENT_TEAM = 5M9BNYXN7H;
				INFOPLIST_FILE = lyricsTests/Info.plist;
				LD_RUNPATH_SEARCH_PATHS = "$(inherited) @executable_path/Frameworks @loader_path/Frameworks";
				PRODUCT_BUNDLE_IDENTIFIER = ybj.lyricsTests;
				PRODUCT_NAME = "$(TARGET_NAME)";
				SWIFT_VERSION = 3.0;
				TEST_HOST = "$(BUILT_PRODUCTS_DIR)/lyrics.app/lyrics";
			};
			name = Debug;
		};
		1C28F20C1F32FB8B005EB847 /* Release */ = {
			isa = XCBuildConfiguration;
			baseConfigurationReference = 9AB033133D37AFAEDD3FF6B5 /* Pods-lyricsTests.release.xcconfig */;
			buildSettings = {
				ALWAYS_EMBED_SWIFT_STANDARD_LIBRARIES = YES;
				BUNDLE_LOADER = "$(TEST_HOST)";
				DEVELOPMENT_TEAM = 5M9BNYXN7H;
				INFOPLIST_FILE = lyricsTests/Info.plist;
				LD_RUNPATH_SEARCH_PATHS = "$(inherited) @executable_path/Frameworks @loader_path/Frameworks";
				PRODUCT_BUNDLE_IDENTIFIER = ybj.lyricsTests;
				PRODUCT_NAME = "$(TARGET_NAME)";
				SWIFT_VERSION = 3.0;
				TEST_HOST = "$(BUILT_PRODUCTS_DIR)/lyrics.app/lyrics";
			};
			name = Release;
		};
		1C28F20E1F32FB8B005EB847 /* Debug */ = {
			isa = XCBuildConfiguration;
			baseConfigurationReference = 0C0C04DBBDA4DCC791EABB61 /* Pods-lyricsUITests.debug.xcconfig */;
			buildSettings = {
				ALWAYS_EMBED_SWIFT_STANDARD_LIBRARIES = YES;
				DEVELOPMENT_TEAM = 5M9BNYXN7H;
				INFOPLIST_FILE = lyricsUITests/Info.plist;
				LD_RUNPATH_SEARCH_PATHS = "$(inherited) @executable_path/Frameworks @loader_path/Frameworks";
				PRODUCT_BUNDLE_IDENTIFIER = ybj.lyricsUITests;
				PRODUCT_NAME = "$(TARGET_NAME)";
				SWIFT_VERSION = 3.0;
				TEST_TARGET_NAME = lyrics;
			};
			name = Debug;
		};
		1C28F20F1F32FB8B005EB847 /* Release */ = {
			isa = XCBuildConfiguration;
			baseConfigurationReference = 37851E6A39A1B0926C860261 /* Pods-lyricsUITests.release.xcconfig */;
			buildSettings = {
				ALWAYS_EMBED_SWIFT_STANDARD_LIBRARIES = YES;
				DEVELOPMENT_TEAM = 5M9BNYXN7H;
				INFOPLIST_FILE = lyricsUITests/Info.plist;
				LD_RUNPATH_SEARCH_PATHS = "$(inherited) @executable_path/Frameworks @loader_path/Frameworks";
				PRODUCT_BUNDLE_IDENTIFIER = ybj.lyricsUITests;
				PRODUCT_NAME = "$(TARGET_NAME)";
				SWIFT_VERSION = 3.0;
				TEST_TARGET_NAME = lyrics;
			};
			name = Release;
		};
/* End XCBuildConfiguration section */

/* Begin XCConfigurationList section */
		1C28F1DA1F32FB8B005EB847 /* Build configuration list for PBXProject "lyrics" */ = {
			isa = XCConfigurationList;
			buildConfigurations = (
				1C28F2051F32FB8B005EB847 /* Debug */,
				1C28F2061F32FB8B005EB847 /* Release */,
			);
			defaultConfigurationIsVisible = 0;
			defaultConfigurationName = Release;
		};
		1C28F2071F32FB8B005EB847 /* Build configuration list for PBXNativeTarget "lyrics" */ = {
			isa = XCConfigurationList;
			buildConfigurations = (
				1C28F2081F32FB8B005EB847 /* Debug */,
				1C28F2091F32FB8B005EB847 /* Release */,
			);
			defaultConfigurationIsVisible = 0;
			defaultConfigurationName = Release;
		};
		1C28F20A1F32FB8B005EB847 /* Build configuration list for PBXNativeTarget "lyricsTests" */ = {
			isa = XCConfigurationList;
			buildConfigurations = (
				1C28F20B1F32FB8B005EB847 /* Debug */,
				1C28F20C1F32FB8B005EB847 /* Release */,
			);
			defaultConfigurationIsVisible = 0;
			defaultConfigurationName = Release;
		};
		1C28F20D1F32FB8B005EB847 /* Build configuration list for PBXNativeTarget "lyricsUITests" */ = {
			isa = XCConfigurationList;
			buildConfigurations = (
				1C28F20E1F32FB8B005EB847 /* Debug */,
				1C28F20F1F32FB8B005EB847 /* Release */,
			);
			defaultConfigurationIsVisible = 0;
			defaultConfigurationName = Release;
		};
/* End XCConfigurationList section */
	};
	rootObject = 1C28F1D71F32FB8B005EB847 /* Project object */;
}
